
Microsoft Visual Studio Solution File, Format Version 12.00
# Visual Studio Version 16
VisualStudioVersion = 16.0.29009.5
MinimumVisualStudioVersion = 10.0.40219.1
Project("{FAE04EC0-301F-11D3-BF4B-00C04F79EFBC}") = "RobotMaker", "RobotMaker\RobotMaker.csproj", "{F6DE2F67-71BF-4CFC-B8F6-99200FE281AA}"
EndProject
Global
	GlobalSection(SolutionConfigurationPlatforms) = preSolution
		Debug|Any CPU = Debug|Any CPU
		Release|Any CPU = Release|Any CPU
	EndGlobalSection
	GlobalSection(ProjectConfigurationPlatforms) = postSolution
		{F6DE2F67-71BF-4CFC-B8F6-99200FE281AA}.Debug|Any CPU.ActiveCfg = Debug|Any CPU
		{F6DE2F67-71BF-4CFC-B8F6-99200FE281AA}.Debug|Any CPU.Build.0 = Debug|Any CPU
		{F6DE2F67-71BF-4CFC-B8F6-99200FE281AA}.Release|Any CPU.ActiveCfg = Release|Any CPU
		{F6DE2F67-71BF-4CFC-B8F6-99200FE281AA}.Release|Any CPU.Build.0 = Release|Any CPU
	EndGlobalSection
	GlobalSection(SolutionProperties) = preSolution
		HideSolutionNode = FALSE
	EndGlobalSection
	GlobalSection(ExtensibilityGlobals) = postSolution
		SolutionGuid = {F9825345-73C0-4416-A809-441ADA6C1CC7}
	EndGlobalSection
EndGlobal
